
Microsoft Visual Studio Solution File, Format Version 12.00
# Visual Studio 15
VisualStudioVersion = 15.0.33529.398
MinimumVisualStudioVersion = 10.0.40219.1
Project("{D2ABAB84-BF74-430A-B69E-9DC6D40DDA17}") = "Group12_Coursework", "Group12_Coursework.dwproj", "{28E2F640-EC7E-4981-8E76-4AA847996499}"
EndProject
Global
	GlobalSection(SolutionConfigurationPlatforms) = preSolution
		Development|Default = Development|Default
	EndGlobalSection
	GlobalSection(ProjectConfigurationPlatforms) = postSolution
		{28E2F640-EC7E-4981-8E76-4AA847996499}.Development|Default.ActiveCfg = Development
		{28E2F640-EC7E-4981-8E76-4AA847996499}.Development|Default.Build.0 = Development
		{28E2F640-EC7E-4981-8E76-4AA847996499}.Development|Default.Deploy.0 = Development
	EndGlobalSection
	GlobalSection(SolutionProperties) = preSolution
		HideSolutionNode = FALSE
	EndGlobalSection
	GlobalSection(ExtensibilityGlobals) = postSolution
		SolutionGuid = {6806F8AA-3DFB-4093-B0CE-9C60C7D76B96}
	EndGlobalSection
EndGlobal
